
Microsoft Visual Studio Solution File, Format Version 12.00
# Visual Studio Version 16
VisualStudioVersion = 16.0.32126.315
MinimumVisualStudioVersion = 10.0.40219.1
Project("{FAE04EC0-301F-11D3-BF4B-00C04F79EFBC}") = "TrabajoDSI2022G10", "TrabajoDSI2022G10\TrabajoDSI2022G10.csproj", "{7375FCF8-A3E8-4E94-86BC-10EF73EB2DAE}"
EndProject
Project("{2150E333-8FDC-42A3-9474-1A3956D46DE8}") = "Solution Items", "Solution Items", "{537BCEE7-B3B7-4ADF-BB89-0ED58BABD8C1}"
EndProject
Global
	GlobalSection(SolutionConfigurationPlatforms) = preSolution
		Debug|ARM = Debug|ARM
		Debug|ARM64 = Debug|ARM64
		Debug|x64 = Debug|x64
		Debug|x86 = Debug|x86
		Release|ARM = Release|ARM
		Release|ARM64 = Release|ARM64
		Release|x64 = Release|x64
		Release|x86 = Release|x86
	EndGlobalSection
	GlobalSection(ProjectConfigurationPlatforms) = postSolution
		{7375FCF8-A3E8-4E94-86BC-10EF73EB2DAE}.Debug|ARM.ActiveCfg = Debug|ARM
		{7375FCF8-A3E8-4E94-86BC-10EF73EB2DAE}.Debug|ARM.Build.0 = Debug|ARM
		{7375FCF8-A3E8-4E94-86BC-10EF73EB2DAE}.Debug|ARM.Deploy.0 = Debug|ARM
		{7375FCF8-A3E8-4E94-86BC-10EF73EB2DAE}.Debug|ARM64.ActiveCfg = Debug|ARM64
		{7375FCF8-A3E8-4E94-86BC-10EF73EB2DAE}.Debug|ARM64.Build.0 = Debug|ARM64
		{7375FCF8-A3E8-4E94-86BC-10EF73EB2DAE}.Debug|ARM64.Deploy.0 = Debug|ARM64
		{7375FCF8-A3E8-4E94-86BC-10EF73EB2DAE}.Debug|x64.ActiveCfg = Debug|x64
		{7375FCF8-A3E8-4E94-86BC-10EF73EB2DAE}.Debug|x64.Build.0 = Debug|x64
		{7375FCF8-A3E8-4E94-86BC-10EF73EB2DAE}.Debug|x64.Deploy.0 = Debug|x64
		{7375FCF8-A3E8-4E94-86BC-10EF73EB2DAE}.Debug|x86.ActiveCfg = Debug|x86
		{7375FCF8-A3E8-4E94-86BC-10EF73EB2DAE}.Debug|x86.Build.0 = Debug|x86
		{7375FCF8-A3E8-4E94-86BC-10EF73EB2DAE}.Debug|x86.Deploy.0 = Debug|x86
		{7375FCF8-A3E8-4E94-86BC-10EF73EB2DAE}.Release|ARM.ActiveCfg = Release|ARM
		{7375FCF8-A3E8-4E94-86BC-10EF73EB2DAE}.Release|ARM.Build.0 = Release|ARM
		{7375FCF8-A3E8-4E94-86BC-10EF73EB2DAE}.Release|ARM.Deploy.0 = Release|ARM
		{7375FCF8-A3E8-4E94-86BC-10EF73EB2DAE}.Release|ARM64.ActiveCfg = Release|ARM64
		{7375FCF8-A3E8-4E94-86BC-10EF73EB2DAE}.Release|ARM64.Build.0 = Release|ARM64
		{7375FCF8-A3E8-4E94-86BC-10EF73EB2DAE}.Release|ARM64.Deploy.0 = Release|ARM64
		{7375FCF8-A3E8-4E94-86BC-10EF73EB2DAE}.Release|x64.ActiveCfg = Release|x64
		{7375FCF8-A3E8-4E94-86BC-10EF73EB2DAE}.Release|x64.Build.0 = Release|x64
		{7375FCF8-A3E8-4E94-86BC-10EF73EB2DAE}.Release|x64.Deploy.0 = Release|x64
		{7375FCF8-A3E8-4E94-86BC-10EF73EB2DAE}.Release|x86.ActiveCfg = Release|x86
		{7375FCF8-A3E8-4E94-86BC-10EF73EB2DAE}.Release|x86.Build.0 = Release|x86
		{7375FCF8-A3E8-4E94-86BC-10EF73EB2DAE}.Release|x86.Deploy.0 = Release|x86
	EndGlobalSection
	GlobalSection(SolutionProperties) = preSolution
		HideSolutionNode = FALSE
	EndGlobalSection
	GlobalSection(ExtensibilityGlobals) = postSolution
		SolutionGuid = {CBB35C2F-F010-4265-B71A-75CDD500AFBF}
	EndGlobalSection
EndGlobal
